
Microsoft Visual Studio Solution File, Format Version 12.00
# Visual Studio 2013
VisualStudioVersion = 12.0.30501.0
MinimumVisualStudioVersion = 10.0.40219.1
Project("{FAE04EC0-301F-11D3-BF4B-00C04F79EFBC}") = "LeadManagement.Tests", "LeadManagement.Tests\LeadManagement.Tests.csproj", "{A7EAD9E6-67A8-4168-BDBC-53F92BE232E7}"
EndProject
Project("{FAE04EC0-301F-11D3-BF4B-00C04F79EFBC}") = "LeadManagement.Data", "LeadManagement.Data\LeadManagement.Data.csproj", "{1B3E6EB2-5838-485D-A20E-06368973C3DF}"
EndProject
Project("{FAE04EC0-301F-11D3-BF4B-00C04F79EFBC}") = "LeadManagement.Service", "LeadManagement.Service\LeadManagement.Service.csproj", "{5D732439-7E3C-4C4A-A309-A05F011B9E23}"
EndProject
Project("{FAE04EC0-301F-11D3-BF4B-00C04F79EFBC}") = "LeadManagement.Model", "LeadManagement.Model\LeadManagement.Model.csproj", "{2286D2EE-DC63-4CF1-8CBE-2A26D3B5E969}"
EndProject
Project("{FAE04EC0-301F-11D3-BF4B-00C04F79EFBC}") = "LeadManagement.Web", "LeadManagement.Web\LeadManagement.Web.csproj", "{69181873-3BBE-4104-BCD3-C1E35640E5C4}"
EndProject
Project("{FAE04EC0-301F-11D3-BF4B-00C04F79EFBC}") = "LeadManagement.Core", "LeadManagement.Core\LeadManagement.Core.csproj", "{69FEC24F-BEB2-4F8B-808C-FF655568E8E1}"
EndProject
Project("{2150E333-8FDC-42A3-9474-1A3956D46DE8}") = ".nuget", ".nuget", "{89E1A5D9-8E22-43A3-988A-DC49D9B0C898}"
	ProjectSection(SolutionItems) = preProject
		.nuget\NuGet.Config = .nuget\NuGet.Config
		.nuget\NuGet.exe = .nuget\NuGet.exe
		.nuget\NuGet.targets = .nuget\NuGet.targets
		.nuget\packages.config = .nuget\packages.config
	EndProjectSection
EndProject
Global
	GlobalSection(SolutionConfigurationPlatforms) = preSolution
		Debug|Any CPU = Debug|Any CPU
		Release|Any CPU = Release|Any CPU
	EndGlobalSection
	GlobalSection(ProjectConfigurationPlatforms) = postSolution
		{A7EAD9E6-67A8-4168-BDBC-53F92BE232E7}.Debug|Any CPU.ActiveCfg = Debug|Any CPU
		{A7EAD9E6-67A8-4168-BDBC-53F92BE232E7}.Debug|Any CPU.Build.0 = Debug|Any CPU
		{A7EAD9E6-67A8-4168-BDBC-53F92BE232E7}.Release|Any CPU.ActiveCfg = Release|Any CPU
		{A7EAD9E6-67A8-4168-BDBC-53F92BE232E7}.Release|Any CPU.Build.0 = Release|Any CPU
		{1B3E6EB2-5838-485D-A20E-06368973C3DF}.Debug|Any CPU.ActiveCfg = Debug|Any CPU
		{1B3E6EB2-5838-485D-A20E-06368973C3DF}.Debug|Any CPU.Build.0 = Debug|Any CPU
		{1B3E6EB2-5838-485D-A20E-06368973C3DF}.Release|Any CPU.ActiveCfg = Release|Any CPU
		{1B3E6EB2-5838-485D-A20E-06368973C3DF}.Release|Any CPU.Build.0 = Release|Any CPU
		{5D732439-7E3C-4C4A-A309-A05F011B9E23}.Debug|Any CPU.ActiveCfg = Debug|Any CPU
		{5D732439-7E3C-4C4A-A309-A05F011B9E23}.Debug|Any CPU.Build.0 = Debug|Any CPU
		{5D732439-7E3C-4C4A-A309-A05F011B9E23}.Release|Any CPU.ActiveCfg = Release|Any CPU
		{5D732439-7E3C-4C4A-A309-A05F011B9E23}.Release|Any CPU.Build.0 = Release|Any CPU
		{2286D2EE-DC63-4CF1-8CBE-2A26D3B5E969}.Debug|Any CPU.ActiveCfg = Debug|Any CPU
		{2286D2EE-DC63-4CF1-8CBE-2A26D3B5E969}.Debug|Any CPU.Build.0 = Debug|Any CPU
		{2286D2EE-DC63-4CF1-8CBE-2A26D3B5E969}.Release|Any CPU.ActiveCfg = Release|Any CPU
		{2286D2EE-DC63-4CF1-8CBE-2A26D3B5E969}.Release|Any CPU.Build.0 = Release|Any CPU
		{69181873-3BBE-4104-BCD3-C1E35640E5C4}.Debug|Any CPU.ActiveCfg = Debug|Any CPU
		{69181873-3BBE-4104-BCD3-C1E35640E5C4}.Debug|Any CPU.Build.0 = Debug|Any CPU
		{69181873-3BBE-4104-BCD3-C1E35640E5C4}.Release|Any CPU.ActiveCfg = Release|Any CPU
		{69181873-3BBE-4104-BCD3-C1E35640E5C4}.Release|Any CPU.Build.0 = Release|Any CPU
		{69FEC24F-BEB2-4F8B-808C-FF655568E8E1}.Debug|Any CPU.ActiveCfg = Debug|Any CPU
		{69FEC24F-BEB2-4F8B-808C-FF655568E8E1}.Debug|Any CPU.Build.0 = Debug|Any CPU
		{69FEC24F-BEB2-4F8B-808C-FF655568E8E1}.Release|Any CPU.ActiveCfg = Release|Any CPU
		{69FEC24F-BEB2-4F8B-808C-FF655568E8E1}.Release|Any CPU.Build.0 = Release|Any CPU
	EndGlobalSection
	GlobalSection(SolutionProperties) = preSolution
		HideSolutionNode = FALSE
	EndGlobalSection
EndGlobal
